
Microsoft Visual Studio Solution File, Format Version 12.00
# Visual Studio Version 17
VisualStudioVersion = 17.4.33110.190
MinimumVisualStudioVersion = 10.0.40219.1
Project("{9A19103F-16F7-4668-BE54-9A1E7A4F7556}") = "News.Application", "News\News.Application.csproj", "{337FD0F9-015E-4D1F-8BFF-29EE58E3AE52}"
EndProject
Global
	GlobalSection(SolutionConfigurationPlatforms) = preSolution
		Debug|Any CPU = Debug|Any CPU
		Release|Any CPU = Release|Any CPU
	EndGlobalSection
	GlobalSection(ProjectConfigurationPlatforms) = postSolution
		{337FD0F9-015E-4D1F-8BFF-29EE58E3AE52}.Debug|Any CPU.ActiveCfg = Debug|Any CPU
		{337FD0F9-015E-4D1F-8BFF-29EE58E3AE52}.Debug|Any CPU.Build.0 = Debug|Any CPU
		{337FD0F9-015E-4D1F-8BFF-29EE58E3AE52}.Release|Any CPU.ActiveCfg = Release|Any CPU
		{337FD0F9-015E-4D1F-8BFF-29EE58E3AE52}.Release|Any CPU.Build.0 = Release|Any CPU
	EndGlobalSection
	GlobalSection(SolutionProperties) = preSolution
		HideSolutionNode = FALSE
	EndGlobalSection
	GlobalSection(ExtensibilityGlobals) = postSolution
		SolutionGuid = {0FA9A9CC-556D-4231-8F7A-D062CF414DB8}
	EndGlobalSection
EndGlobal
